
Microsoft Visual Studio Solution File, Format Version 12.00
# Visual Studio Version 17
VisualStudioVersion = 17.0.31912.275
MinimumVisualStudioVersion = 10.0.40219.1
Project("{9A19103F-16F7-4668-BE54-9A1E7A4F7556}") = "Contact", "Contact\Contact.csproj", "{C9A52AD0-40B9-4713-B3F7-83B9E6F43266}"
	ProjectSection(ProjectDependencies) = postProject
		{981A84A9-10DA-4D24-8F7C-33DB09996679} = {981A84A9-10DA-4D24-8F7C-33DB09996679}
	EndProjectSection
EndProject
Project("{9A19103F-16F7-4668-BE54-9A1E7A4F7556}") = "Library", "Library\Library.csproj", "{981A84A9-10DA-4D24-8F7C-33DB09996679}"
EndProject
Project("{9A19103F-16F7-4668-BE54-9A1E7A4F7556}") = "From", "From\From.csproj", "{561C1F50-1C62-48E0-8043-5D86C6A9F70D}"
EndProject
Global
	GlobalSection(SolutionConfigurationPlatforms) = preSolution
		Debug|Any CPU = Debug|Any CPU
		Release|Any CPU = Release|Any CPU
	EndGlobalSection
	GlobalSection(ProjectConfigurationPlatforms) = postSolution
		{C9A52AD0-40B9-4713-B3F7-83B9E6F43266}.Debug|Any CPU.ActiveCfg = Debug|Any CPU
		{C9A52AD0-40B9-4713-B3F7-83B9E6F43266}.Debug|Any CPU.Build.0 = Debug|Any CPU
		{C9A52AD0-40B9-4713-B3F7-83B9E6F43266}.Release|Any CPU.ActiveCfg = Release|Any CPU
		{C9A52AD0-40B9-4713-B3F7-83B9E6F43266}.Release|Any CPU.Build.0 = Release|Any CPU
		{981A84A9-10DA-4D24-8F7C-33DB09996679}.Debug|Any CPU.ActiveCfg = Debug|Any CPU
		{981A84A9-10DA-4D24-8F7C-33DB09996679}.Debug|Any CPU.Build.0 = Debug|Any CPU
		{981A84A9-10DA-4D24-8F7C-33DB09996679}.Release|Any CPU.ActiveCfg = Release|Any CPU
		{981A84A9-10DA-4D24-8F7C-33DB09996679}.Release|Any CPU.Build.0 = Release|Any CPU
		{561C1F50-1C62-48E0-8043-5D86C6A9F70D}.Debug|Any CPU.ActiveCfg = Debug|Any CPU
		{561C1F50-1C62-48E0-8043-5D86C6A9F70D}.Debug|Any CPU.Build.0 = Debug|Any CPU
		{561C1F50-1C62-48E0-8043-5D86C6A9F70D}.Release|Any CPU.ActiveCfg = Release|Any CPU
		{561C1F50-1C62-48E0-8043-5D86C6A9F70D}.Release|Any CPU.Build.0 = Release|Any CPU
	EndGlobalSection
	GlobalSection(SolutionProperties) = preSolution
		HideSolutionNode = FALSE
	EndGlobalSection
	GlobalSection(ExtensibilityGlobals) = postSolution
		SolutionGuid = {0C6D653E-D2B8-4484-9C1D-A8FE9A70C1C8}
	EndGlobalSection
EndGlobal
